
Microsoft Visual Studio Solution File, Format Version 12.00
# Visual Studio Version 17
VisualStudioVersion = 17.7.34031.279
MinimumVisualStudioVersion = 10.0.40219.1
Project("{FAE04EC0-301F-11D3-BF4B-00C04F79EFBC}") = "Proyecto Evaluado 2 Pilas", "Proyecto Evaluado 2 Pilas\Proyecto Evaluado 2 Pilas.csproj", "{EE2BCF72-3532-497B-9CD4-FB9D9F3B98F4}"
EndProject
Global
	GlobalSection(SolutionConfigurationPlatforms) = preSolution
		Debug|Any CPU = Debug|Any CPU
		Release|Any CPU = Release|Any CPU
	EndGlobalSection
	GlobalSection(ProjectConfigurationPlatforms) = postSolution
		{EE2BCF72-3532-497B-9CD4-FB9D9F3B98F4}.Debug|Any CPU.ActiveCfg = Debug|Any CPU
		{EE2BCF72-3532-497B-9CD4-FB9D9F3B98F4}.Debug|Any CPU.Build.0 = Debug|Any CPU
		{EE2BCF72-3532-497B-9CD4-FB9D9F3B98F4}.Release|Any CPU.ActiveCfg = Release|Any CPU
		{EE2BCF72-3532-497B-9CD4-FB9D9F3B98F4}.Release|Any CPU.Build.0 = Release|Any CPU
	EndGlobalSection
	GlobalSection(SolutionProperties) = preSolution
		HideSolutionNode = FALSE
	EndGlobalSection
	GlobalSection(ExtensibilityGlobals) = postSolution
		SolutionGuid = {A2F1BC05-5DBA-4102-8ECC-E973996E8936}
	EndGlobalSection
EndGlobal
